# This file is automatically @generated by Wally.
# It is not intended for manual editing.
registry = "test"

[[package]]
name = "brittonfischer/camerashaker"
version = "0.1.0"
dependencies = []

[[package]]
name = "brittonfischer/geometrydash"
version = "0.1.0"
dependencies = [["CameraShaker", "brittonfischer/camerashaker@0.1.0"], ["Fusion", "elttob/fusion@0.2.0"], ["FusionExtensions", "nottirb/fusionextensions@0.2.0-rc1"], ["Janitor", "howmanysmall/janitor@1.15.1"], ["Knit", "sleitnick/knit@1.4.7"], ["Promise", "evaera/promise@4.0.0"], ["ReplicaService", "brittonfischer/replicaservice@0.1.0"], ["Signal", "sleitnick/signal@1.0.1"], ["Spring", "brittonfischer/spring@0.1.0"], ["StoryTaskBar", "nottirb/storytaskbar@0.2.0-rc1"], ["Symbol", "sleitnick/symbol@2.0.1"]]

[[package]]
name = "brittonfischer/profileservice"
version = "2.1.5"
dependencies = []

[[package]]
name = "brittonfischer/replicaservice"
version = "0.1.0"
dependencies = []

[[package]]
name = "brittonfischer/spring"
version = "0.1.0"
dependencies = []

[[package]]
name = "elttob/fusion"
version = "0.2.0"
dependencies = []

[[package]]
name = "evaera/promise"
version = "4.0.0"
dependencies = []

[[package]]
name = "howmanysmall/janitor"
version = "1.15.1"
dependencies = []

[[package]]
name = "nottirb/fusionextensions"
version = "0.2.0-rc1"
dependencies = [["Fusion", "elttob/fusion@0.2.0"], ["Janitor", "howmanysmall/janitor@1.15.1"], ["Oklab", "nottirb/oklab@1.0.0"], ["Spring", "brittonfischer/spring@0.1.0"]]

[[package]]
name = "nottirb/oklab"
version = "1.0.0"
dependencies = []

[[package]]
name = "nottirb/storytaskbar"
version = "0.2.0-rc1"
dependencies = [["Fusion", "elttob/fusion@0.2.0"]]

[[package]]
name = "sleitnick/comm"
version = "0.3.1"
dependencies = [["Option", "sleitnick/option@1.0.2"], ["Promise", "evaera/promise@4.0.0"], ["Signal", "sleitnick/signal@1.0.1"]]

[[package]]
name = "sleitnick/knit"
version = "1.4.7"
dependencies = [["Comm", "sleitnick/comm@0.3.1"], ["Promise", "evaera/promise@4.0.0"]]

[[package]]
name = "sleitnick/option"
version = "1.0.2"
dependencies = []

[[package]]
name = "sleitnick/signal"
version = "1.0.1"
dependencies = []

[[package]]
name = "sleitnick/symbol"
version = "2.0.1"
dependencies = []
